
Microsoft Visual Studio Solution File, Format Version 12.00
# Visual Studio Version 16
VisualStudioVersion = 16.0.30804.86
MinimumVisualStudioVersion = 10.0.40219.1
Project("{9A19103F-16F7-4668-BE54-9A1E7A4F7556}") = "BlazingApple.Components", "BlazingApple.Components\BlazingApple.Components.csproj", "{62F9F9A4-7E61-4FBA-9ED5-85673EA0FD01}"
EndProject
Global
	GlobalSection(SolutionConfigurationPlatforms) = preSolution
		Debug|Any CPU = Debug|Any CPU
		Release|Any CPU = Release|Any CPU
	EndGlobalSection
	GlobalSection(ProjectConfigurationPlatforms) = postSolution
		{62F9F9A4-7E61-4FBA-9ED5-85673EA0FD01}.Debug|Any CPU.ActiveCfg = Debug|Any CPU
		{62F9F9A4-7E61-4FBA-9ED5-85673EA0FD01}.Debug|Any CPU.Build.0 = Debug|Any CPU
		{62F9F9A4-7E61-4FBA-9ED5-85673EA0FD01}.Release|Any CPU.ActiveCfg = Release|Any CPU
		{62F9F9A4-7E61-4FBA-9ED5-85673EA0FD01}.Release|Any CPU.Build.0 = Release|Any CPU
	EndGlobalSection
	GlobalSection(SolutionProperties) = preSolution
		HideSolutionNode = FALSE
	EndGlobalSection
	GlobalSection(ExtensibilityGlobals) = postSolution
		SolutionGuid = {C9A308EA-C920-497A-B744-8BD46FBF50DD}
	EndGlobalSection
EndGlobal
